{
  "name": "scratch",
  "version": "1.0.0",
  "lockfileVersion": 2,
  "requires": true,
  "packages": {
    "": {
      "version": "1.0.0",
      "license": "ISC",
      "dependencies": {
        "@nhost/hasura-auth-js": "^0.1.9",
        "@nhost/nhost-js": "^0.3.5",
        "luxon": "^2.3.0",
        "nhost-js-sdk": "^3.1.0",
        "postgres-interval": "^4.0.0"
      }
    },
    "node_modules/@nhost/hasura-auth-js": {
      "version": "0.1.9",
      "resolved": "https://registry.npmjs.org/@nhost/hasura-auth-js/-/hasura-auth-js-0.1.9.tgz",
      "integrity": "sha512-eRuDwJQUJIo6P6eaHnq+VEGqq6hT/XoHSvxLp7FNCeGWpDWGeIMHrjvG+oUiro/TG/9ordBsBx3YRaw48lT7OQ==",
      "dependencies": {
        "@types/jwt-decode": "^2.2.1",
        "axios": "^0.21.1",
        "jwt-decode": "^2.2.0",
        "query-string": "^7.0.1"
      }
    },
    "node_modules/@nhost/hasura-auth-js/node_modules/axios": {
      "version": "0.21.4",
      "resolved": "https://registry.npmjs.org/axios/-/axios-0.21.4.tgz",
      "integrity": "sha512-ut5vewkiu8jjGBdqpM44XxjuCjq9LAKeHVmoVfHVzy8eHgxxq8SbAVQNovDA8mVi05kP0Ea/n/UzcSHcTJQfNg==",
      "dependencies": {
        "follow-redirects": "^1.14.0"
      }
    },
    "node_modules/@nhost/hasura-auth-js/node_modules/jwt-decode": {
      "version": "2.2.0",
      "resolved": "https://registry.npmjs.org/jwt-decode/-/jwt-decode-2.2.0.tgz",
      "integrity": "sha1-fYa9VmefWM5qhHBKZX3TkruoGnk="
    },
    "node_modules/@nhost/hasura-storage-js": {
      "version": "0.0.5",
      "resolved": "https://registry.npmjs.org/@nhost/hasura-storage-js/-/hasura-storage-js-0.0.5.tgz",
      "integrity": "sha512-6XDm57bt0f2skeglinP4HCUsWbyipb+8MZLld5XPqxaNTM4lUs7QlY1VLOcukL91YnF6IC4kZYYD9ge+on6JUg==",
      "dependencies": {
        "axios": "^0.21.1"
      }
    },
    "node_modules/@nhost/hasura-storage-js/node_modules/axios": {
      "version": "0.21.4",
      "resolved": "https://registry.npmjs.org/axios/-/axios-0.21.4.tgz",
      "integrity": "sha512-ut5vewkiu8jjGBdqpM44XxjuCjq9LAKeHVmoVfHVzy8eHgxxq8SbAVQNovDA8mVi05kP0Ea/n/UzcSHcTJQfNg==",
      "dependencies": {
        "follow-redirects": "^1.14.0"
      }
    },
    "node_modules/@nhost/nhost-js": {
      "version": "0.3.5",
      "resolved": "https://registry.npmjs.org/@nhost/nhost-js/-/nhost-js-0.3.5.tgz",
      "integrity": "sha512-GTinajTcafXG3yu4Zge64bL3m2mJ31+oanmjEFQzt6YBqWi/VMGq3ZpqQOk7nR/FEkcYc9hUcFSwIfSDKMQw7Q==",
      "dependencies": {
        "@nhost/hasura-auth-js": "^0.1.9",
        "@nhost/hasura-storage-js": "^0.0.5",
        "axios": "^0.23.0",
        "jwt-decode": "^3.1.2",
        "query-string": "^7.0.1"
      }
    },
    "node_modules/@types/jwt-decode": {
      "version": "2.2.1",
      "resolved": "https://registry.npmjs.org/@types/jwt-decode/-/jwt-decode-2.2.1.tgz",
      "integrity": "sha512-aWw2YTtAdT7CskFyxEX2K21/zSDStuf/ikI3yBqmwpwJF0pS+/IX5DWv+1UFffZIbruP6cnT9/LAJV1gFwAT1A=="
    },
    "node_modules/axios": {
      "version": "0.23.0",
      "resolved": "https://registry.npmjs.org/axios/-/axios-0.23.0.tgz",
      "integrity": "sha512-NmvAE4i0YAv5cKq8zlDoPd1VLKAqX5oLuZKs8xkJa4qi6RGn0uhCYFjWtHHC9EM/MwOwYWOs53W+V0aqEXq1sg==",
      "dependencies": {
        "follow-redirects": "^1.14.4"
      }
    },
    "node_modules/decode-uri-component": {
      "version": "0.2.0",
      "resolved": "https://registry.npmjs.org/decode-uri-component/-/decode-uri-component-0.2.0.tgz",
      "integrity": "sha1-6zkTMzRYd1y4TNGh+uBiEGu4dUU=",
      "engines": {
        "node": ">=0.10"
      }
    },
    "node_modules/filter-obj": {
      "version": "1.1.0",
      "resolved": "https://registry.npmjs.org/filter-obj/-/filter-obj-1.1.0.tgz",
      "integrity": "sha1-mzERErxsYSehbgFsbF1/GeCAXFs=",
      "engines": {
        "node": ">=0.10.0"
      }
    },
    "node_modules/follow-redirects": {
      "version": "1.14.7",
      "resolved": "https://registry.npmjs.org/follow-redirects/-/follow-redirects-1.14.7.tgz",
      "integrity": "sha512-+hbxoLbFMbRKDwohX8GkTataGqO6Jb7jGwpAlwgy2bIz25XtRm7KEzJM76R1WiNT5SwZkX4Y75SwBolkpmE7iQ==",
      "funding": [
        {
          "type": "individual",
          "url": "https://github.com/sponsors/RubenVerborgh"
        }
      ],
      "engines": {
        "node": ">=4.0"
      },
      "peerDependenciesMeta": {
        "debug": {
          "optional": true
        }
      }
    },
    "node_modules/jwt-decode": {
      "version": "3.1.2",
      "resolved": "https://registry.npmjs.org/jwt-decode/-/jwt-decode-3.1.2.tgz",
      "integrity": "sha512-UfpWE/VZn0iP50d8cz9NrZLM9lSWhcJ+0Gt/nm4by88UL+J1SiKN8/5dkjMmbEzwL2CAe+67GsegCbIKtbp75A=="
    },
    "node_modules/luxon": {
      "version": "2.3.0",
      "resolved": "https://registry.npmjs.org/luxon/-/luxon-2.3.0.tgz",
      "integrity": "sha512-gv6jZCV+gGIrVKhO90yrsn8qXPKD8HYZJtrUDSfEbow8Tkw84T9OnCyJhWvnJIaIF/tBuiAjZuQHUt1LddX2mg==",
      "engines": {
        "node": ">=12"
      }
    },
    "node_modules/nhost-js-sdk": {
      "version": "3.1.0",
      "resolved": "https://registry.npmjs.org/nhost-js-sdk/-/nhost-js-sdk-3.1.0.tgz",
      "integrity": "sha512-DNEAUYJTQghuuYltGq8dUb/8wZaxsMgWR1IGl3lxQQ5BdUbg3Yre7U/O5dzm1JAG3kJbDKy3YnbIN9G8T/uIUw==",
      "dependencies": {
        "@types/jwt-decode": "^2.2.1",
        "axios": "^0.21.1",
        "jwt-decode": "^2.2.0",
        "query-string": "^6.13.1"
      }
    },
    "node_modules/nhost-js-sdk/node_modules/axios": {
      "version": "0.21.4",
      "resolved": "https://registry.npmjs.org/axios/-/axios-0.21.4.tgz",
      "integrity": "sha512-ut5vewkiu8jjGBdqpM44XxjuCjq9LAKeHVmoVfHVzy8eHgxxq8SbAVQNovDA8mVi05kP0Ea/n/UzcSHcTJQfNg==",
      "dependencies": {
        "follow-redirects": "^1.14.0"
      }
    },
    "node_modules/nhost-js-sdk/node_modules/jwt-decode": {
      "version": "2.2.0",
      "resolved": "https://registry.npmjs.org/jwt-decode/-/jwt-decode-2.2.0.tgz",
      "integrity": "sha1-fYa9VmefWM5qhHBKZX3TkruoGnk="
    },
    "node_modules/nhost-js-sdk/node_modules/query-string": {
      "version": "6.14.1",
      "resolved": "https://registry.npmjs.org/query-string/-/query-string-6.14.1.tgz",
      "integrity": "sha512-XDxAeVmpfu1/6IjyT/gXHOl+S0vQ9owggJ30hhWKdHAsNPOcasn5o9BW0eejZqL2e4vMjhAxoW3jVHcD6mbcYw==",
      "dependencies": {
        "decode-uri-component": "^0.2.0",
        "filter-obj": "^1.1.0",
        "split-on-first": "^1.0.0",
        "strict-uri-encode": "^2.0.0"
      },
      "engines": {
        "node": ">=6"
      },
      "funding": {
        "url": "https://github.com/sponsors/sindresorhus"
      }
    },
    "node_modules/postgres-interval": {
      "version": "4.0.0",
      "resolved": "https://registry.npmjs.org/postgres-interval/-/postgres-interval-4.0.0.tgz",
      "integrity": "sha512-OWeL7kyEKJiY7mCmVY+c7/6uhAlt/colA/Nl/Mgls/M3jssrQzFra04iNWnD/qAmG7TsCSgWAASCyiaoBOP/sg==",
      "engines": {
        "node": ">=12"
      }
    },
    "node_modules/query-string": {
      "version": "7.1.0",
      "resolved": "https://registry.npmjs.org/query-string/-/query-string-7.1.0.tgz",
      "integrity": "sha512-wnJ8covk+S9isYR5JIXPt93kFUmI2fQ4R/8130fuq+qwLiGVTurg7Klodgfw4NSz/oe7xnyi09y3lSrogUeM3g==",
      "dependencies": {
        "decode-uri-component": "^0.2.0",
        "filter-obj": "^1.1.0",
        "split-on-first": "^1.0.0",
        "strict-uri-encode": "^2.0.0"
      },
      "engines": {
        "node": ">=6"
      },
      "funding": {
        "url": "https://github.com/sponsors/sindresorhus"
      }
    },
    "node_modules/split-on-first": {
      "version": "1.1.0",
      "resolved": "https://registry.npmjs.org/split-on-first/-/split-on-first-1.1.0.tgz",
      "integrity": "sha512-43ZssAJaMusuKWL8sKUBQXHWOpq8d6CfN/u1p4gUzfJkM05C8rxTmYrkIPTXapZpORA6LkkzcUulJ8FqA7Uudw==",
      "engines": {
        "node": ">=6"
      }
    },
    "node_modules/strict-uri-encode": {
      "version": "2.0.0",
      "resolved": "https://registry.npmjs.org/strict-uri-encode/-/strict-uri-encode-2.0.0.tgz",
      "integrity": "sha1-ucczDHBChi9rFC3CdLvMWGbONUY=",
      "engines": {
        "node": ">=4"
      }
    }
  },
  "dependencies": {
    "@nhost/hasura-auth-js": {
      "version": "0.1.9",
      "resolved": "https://registry.npmjs.org/@nhost/hasura-auth-js/-/hasura-auth-js-0.1.9.tgz",
      "integrity": "sha512-eRuDwJQUJIo6P6eaHnq+VEGqq6hT/XoHSvxLp7FNCeGWpDWGeIMHrjvG+oUiro/TG/9ordBsBx3YRaw48lT7OQ==",
      "requires": {
        "@types/jwt-decode": "^2.2.1",
        "axios": "^0.21.1",
        "jwt-decode": "^2.2.0",
        "query-string": "^7.0.1"
      },
      "dependencies": {
        "axios": {
          "version": "0.21.4",
          "resolved": "https://registry.npmjs.org/axios/-/axios-0.21.4.tgz",
          "integrity": "sha512-ut5vewkiu8jjGBdqpM44XxjuCjq9LAKeHVmoVfHVzy8eHgxxq8SbAVQNovDA8mVi05kP0Ea/n/UzcSHcTJQfNg==",
          "requires": {
            "follow-redirects": "^1.14.0"
          }
        },
        "jwt-decode": {
          "version": "2.2.0",
          "resolved": "https://registry.npmjs.org/jwt-decode/-/jwt-decode-2.2.0.tgz",
          "integrity": "sha1-fYa9VmefWM5qhHBKZX3TkruoGnk="
        }
      }
    },
    "@nhost/hasura-storage-js": {
      "version": "0.0.5",
      "resolved": "https://registry.npmjs.org/@nhost/hasura-storage-js/-/hasura-storage-js-0.0.5.tgz",
      "integrity": "sha512-6XDm57bt0f2skeglinP4HCUsWbyipb+8MZLld5XPqxaNTM4lUs7QlY1VLOcukL91YnF6IC4kZYYD9ge+on6JUg==",
      "requires": {
        "axios": "^0.21.1"
      },
      "dependencies": {
        "axios": {
          "version": "0.21.4",
          "resolved": "https://registry.npmjs.org/axios/-/axios-0.21.4.tgz",
          "integrity": "sha512-ut5vewkiu8jjGBdqpM44XxjuCjq9LAKeHVmoVfHVzy8eHgxxq8SbAVQNovDA8mVi05kP0Ea/n/UzcSHcTJQfNg==",
          "requires": {
            "follow-redirects": "^1.14.0"
          }
        }
      }
    },
    "@nhost/nhost-js": {
      "version": "0.3.5",
      "resolved": "https://registry.npmjs.org/@nhost/nhost-js/-/nhost-js-0.3.5.tgz",
      "integrity": "sha512-GTinajTcafXG3yu4Zge64bL3m2mJ31+oanmjEFQzt6YBqWi/VMGq3ZpqQOk7nR/FEkcYc9hUcFSwIfSDKMQw7Q==",
      "requires": {
        "@nhost/hasura-auth-js": "^0.1.9",
        "@nhost/hasura-storage-js": "^0.0.5",
        "axios": "^0.23.0",
        "jwt-decode": "^3.1.2",
        "query-string": "^7.0.1"
      }
    },
    "@types/jwt-decode": {
      "version": "2.2.1",
      "resolved": "https://registry.npmjs.org/@types/jwt-decode/-/jwt-decode-2.2.1.tgz",
      "integrity": "sha512-aWw2YTtAdT7CskFyxEX2K21/zSDStuf/ikI3yBqmwpwJF0pS+/IX5DWv+1UFffZIbruP6cnT9/LAJV1gFwAT1A=="
    },
    "axios": {
      "version": "0.23.0",
      "resolved": "https://registry.npmjs.org/axios/-/axios-0.23.0.tgz",
      "integrity": "sha512-NmvAE4i0YAv5cKq8zlDoPd1VLKAqX5oLuZKs8xkJa4qi6RGn0uhCYFjWtHHC9EM/MwOwYWOs53W+V0aqEXq1sg==",
      "requires": {
        "follow-redirects": "^1.14.4"
      }
    },
    "decode-uri-component": {
      "version": "0.2.0",
      "resolved": "https://registry.npmjs.org/decode-uri-component/-/decode-uri-component-0.2.0.tgz",
      "integrity": "sha1-6zkTMzRYd1y4TNGh+uBiEGu4dUU="
    },
    "filter-obj": {
      "version": "1.1.0",
      "resolved": "https://registry.npmjs.org/filter-obj/-/filter-obj-1.1.0.tgz",
      "integrity": "sha1-mzERErxsYSehbgFsbF1/GeCAXFs="
    },
    "follow-redirects": {
      "version": "1.14.7",
      "resolved": "https://registry.npmjs.org/follow-redirects/-/follow-redirects-1.14.7.tgz",
      "integrity": "sha512-+hbxoLbFMbRKDwohX8GkTataGqO6Jb7jGwpAlwgy2bIz25XtRm7KEzJM76R1WiNT5SwZkX4Y75SwBolkpmE7iQ=="
    },
    "jwt-decode": {
      "version": "3.1.2",
      "resolved": "https://registry.npmjs.org/jwt-decode/-/jwt-decode-3.1.2.tgz",
      "integrity": "sha512-UfpWE/VZn0iP50d8cz9NrZLM9lSWhcJ+0Gt/nm4by88UL+J1SiKN8/5dkjMmbEzwL2CAe+67GsegCbIKtbp75A=="
    },
    "luxon": {
      "version": "2.3.0",
      "resolved": "https://registry.npmjs.org/luxon/-/luxon-2.3.0.tgz",
      "integrity": "sha512-gv6jZCV+gGIrVKhO90yrsn8qXPKD8HYZJtrUDSfEbow8Tkw84T9OnCyJhWvnJIaIF/tBuiAjZuQHUt1LddX2mg=="
    },
    "nhost-js-sdk": {
      "version": "3.1.0",
      "resolved": "https://registry.npmjs.org/nhost-js-sdk/-/nhost-js-sdk-3.1.0.tgz",
      "integrity": "sha512-DNEAUYJTQghuuYltGq8dUb/8wZaxsMgWR1IGl3lxQQ5BdUbg3Yre7U/O5dzm1JAG3kJbDKy3YnbIN9G8T/uIUw==",
      "requires": {
        "@types/jwt-decode": "^2.2.1",
        "axios": "^0.21.1",
        "jwt-decode": "^2.2.0",
        "query-string": "^6.13.1"
      },
      "dependencies": {
        "axios": {
          "version": "0.21.4",
          "resolved": "https://registry.npmjs.org/axios/-/axios-0.21.4.tgz",
          "integrity": "sha512-ut5vewkiu8jjGBdqpM44XxjuCjq9LAKeHVmoVfHVzy8eHgxxq8SbAVQNovDA8mVi05kP0Ea/n/UzcSHcTJQfNg==",
          "requires": {
            "follow-redirects": "^1.14.0"
          }
        },
        "jwt-decode": {
          "version": "2.2.0",
          "resolved": "https://registry.npmjs.org/jwt-decode/-/jwt-decode-2.2.0.tgz",
          "integrity": "sha1-fYa9VmefWM5qhHBKZX3TkruoGnk="
        },
        "query-string": {
          "version": "6.14.1",
          "resolved": "https://registry.npmjs.org/query-string/-/query-string-6.14.1.tgz",
          "integrity": "sha512-XDxAeVmpfu1/6IjyT/gXHOl+S0vQ9owggJ30hhWKdHAsNPOcasn5o9BW0eejZqL2e4vMjhAxoW3jVHcD6mbcYw==",
          "requires": {
            "decode-uri-component": "^0.2.0",
            "filter-obj": "^1.1.0",
            "split-on-first": "^1.0.0",
            "strict-uri-encode": "^2.0.0"
          }
        }
      }
    },
    "postgres-interval": {
      "version": "4.0.0",
      "resolved": "https://registry.npmjs.org/postgres-interval/-/postgres-interval-4.0.0.tgz",
      "integrity": "sha512-OWeL7kyEKJiY7mCmVY+c7/6uhAlt/colA/Nl/Mgls/M3jssrQzFra04iNWnD/qAmG7TsCSgWAASCyiaoBOP/sg=="
    },
    "query-string": {
      "version": "7.1.0",
      "resolved": "https://registry.npmjs.org/query-string/-/query-string-7.1.0.tgz",
      "integrity": "sha512-wnJ8covk+S9isYR5JIXPt93kFUmI2fQ4R/8130fuq+qwLiGVTurg7Klodgfw4NSz/oe7xnyi09y3lSrogUeM3g==",
      "requires": {
        "decode-uri-component": "^0.2.0",
        "filter-obj": "^1.1.0",
        "split-on-first": "^1.0.0",
        "strict-uri-encode": "^2.0.0"
      }
    },
    "split-on-first": {
      "version": "1.1.0",
      "resolved": "https://registry.npmjs.org/split-on-first/-/split-on-first-1.1.0.tgz",
      "integrity": "sha512-43ZssAJaMusuKWL8sKUBQXHWOpq8d6CfN/u1p4gUzfJkM05C8rxTmYrkIPTXapZpORA6LkkzcUulJ8FqA7Uudw=="
    },
    "strict-uri-encode": {
      "version": "2.0.0",
      "resolved": "https://registry.npmjs.org/strict-uri-encode/-/strict-uri-encode-2.0.0.tgz",
      "integrity": "sha1-ucczDHBChi9rFC3CdLvMWGbONUY="
    }
  }
}
